// !$*UTF8*$!
{
	archiveVersion = 1;
	classes = {
	};
	objectVersion = 46;
	objects = {

/* Begin PBXBuildFile section */
		CB8B244A1940B33900F18015 /* main.m in Sources */ = {isa = PBXBuildFile; fileRef = CB8B24491940B33900F18015 /* main.m */; };
		CB8B244D1940B33900F18015 /* AppDelegate.m in Sources */ = {isa = PBXBuildFile; fileRef = CB8B244C1940B33900F18015 /* AppDelegate.m */; };
		CB8B24501940B33900F18015 /* ViewController.m in Sources */ = {isa = PBXBuildFile; fileRef = CB8B244F1940B33900F18015 /* ViewController.m */; };
		CB8B24531940B33900F18015 /* Main.storyboard in Resources */ = {isa = PBXBuildFile; fileRef = CB8B24511940B33900F18015 /* Main.storyboard */; };
		CB8B24551940B33900F18015 /* Images.xcassets in Resources */ = {isa = PBXBuildFile; fileRef = CB8B24541940B33900F18015 /* Images.xcassets */; };
		CB8B24611940B33A00F18015 /* Demo_CustomQRCoreTests.m in Sources */ = {isa = PBXBuildFile; fileRef = CB8B24601940B33A00F18015 /* Demo_CustomQRCoreTests.m */; };
/* End PBXBuildFile section */

/* Begin PBXContainerItemProxy section */
		CB8B245B1940B33A00F18015 /* PBXContainerItemProxy */ = {
			isa = PBXContainerItemProxy;
			containerPortal = CB8B243C1940B33900F18015 /* Project object */;
			proxyType = 1;
			remoteGlobalIDString = CB8B24431940B33900F18015;
			remoteInfo = "Demo-CustomQRCore";
		};
/* End PBXContainerItemProxy section */

/* Begin PBXFileReference section */
		CB8B24441940B33900F18015 /* Demo-CustomQRCore.app */ = {isa = PBXFileReference; explicitFileType = wrapper.application; includeInIndex = 0; path = "Demo-CustomQRCore.app"; sourceTree = BUILT_PRODUCTS_DIR; };
		CB8B24481940B33900F18015 /* Info.plist */ = {isa = PBXFileReference; lastKnownFileType = text.plist.xml; path = Info.plist; sourceTree = "<group>"; };
		CB8B24491940B33900F18015 /* main.m */ = {isa = PBXFileReference; lastKnownFileType = sourcecode.c.objc; path = main.m; sourceTree = "<group>"; };
		CB8B244B1940B33900F18015 /* AppDelegate.h */ = {isa = PBXFileReference; lastKnownFileType = sourcecode.c.h; path = AppDelegate.h; sourceTree = "<group>"; };
		CB8B244C1940B33900F18015 /* AppDelegate.m */ = {isa = PBXFileReference; lastKnownFileType = sourcecode.c.objc; path = AppDelegate.m; sourceTree = "<group>"; };
		CB8B244E1940B33900F18015 /* ViewController.h */ = {isa = PBXFileReference; lastKnownFileType = sourcecode.c.h; path = ViewController.h; sourceTree = "<group>"; };
		CB8B244F1940B33900F18015 /* ViewController.m */ = {isa = PBXFileReference; lastKnownFileType = sourcecode.c.objc; path = ViewController.m; sourceTree = "<group>"; };
		CB8B24521940B33900F18015 /* Base */ = {isa = PBXFileReference; lastKnownFileType = file.storyboard; name = Base; path = Base.lproj/Main.storyboard; sourceTree = "<group>"; };
		CB8B24541940B33900F18015 /* Images.xcassets */ = {isa = PBXFileReference; lastKnownFileType = folder.assetcatalog; path = Images.xcassets; sourceTree = "<group>"; };
		CB8B245A1940B33A00F18015 /* Demo-CustomQRCoreTests.xctest */ = {isa = PBXFileReference; explicitFileType = wrapper.cfbundle; includeInIndex = 0; path = "Demo-CustomQRCoreTests.xctest"; sourceTree = BUILT_PRODUCTS_DIR; };
		CB8B245F1940B33A00F18015 /* Info.plist */ = {isa = PBXFileReference; lastKnownFileType = text.plist.xml; path = Info.plist; sourceTree = "<group>"; };
		CB8B24601940B33A00F18015 /* Demo_CustomQRCoreTests.m */ = {isa = PBXFileReference; lastKnownFileType = sourcecode.c.objc; path = Demo_CustomQRCoreTests.m; sourceTree = "<group>"; };
/* End PBXFileReference section */

/* Begin PBXFrameworksBuildPhase section */
		CB8B24411940B33900F18015 /* Frameworks */ = {
			isa = PBXFrameworksBuildPhase;
			buildActionMask = 2147483647;
			files = (
			);
			runOnlyForDeploymentPostprocessing = 0;
		};
		CB8B24571940B33A00F18015 /* Frameworks */ = {
			isa = PBXFrameworksBuildPhase;
			buildActionMask = 2147483647;
			files = (
			);
			runOnlyForDeploymentPostprocessing = 0;
		};
/* End PBXFrameworksBuildPhase section */

/* Begin PBXGroup section */
		CB8B243B1940B33900F18015 = {
			isa = PBXGroup;
			children = (
				CB8B24461940B33900F18015 /* Demo-CustomQRCore */,
				CB8B245D1940B33A00F18015 /* Demo-CustomQRCoreTests */,
				CB8B24451940B33900F18015 /* Products */,
			);
			sourceTree = "<group>";
		};
		CB8B24451940B33900F18015 /* Products */ = {
			isa = PBXGroup;
			children = (
				CB8B24441940B33900F18015 /* Demo-CustomQRCore.app */,
				CB8B245A1940B33A00F18015 /* Demo-CustomQRCoreTests.xctest */,
			);
			name = Products;
			sourceTree = "<group>";
		};
		CB8B24461940B33900F18015 /* Demo-CustomQRCore */ = {
			isa = PBXGroup;
			children = (
				CB8B244B1940B33900F18015 /* AppDelegate.h */,
				CB8B244C1940B33900F18015 /* AppDelegate.m */,
				CB8B244E1940B33900F18015 /* ViewController.h */,
				CB8B244F1940B33900F18015 /* ViewController.m */,
				CB8B24511940B33900F18015 /* Main.storyboard */,
				CB8B24541940B33900F18015 /* Images.xcassets */,
				CB8B24471940B33900F18015 /* Supporting Files */,
			);
			path = "Demo-CustomQRCore";
			sourceTree = "<group>";
		};
		CB8B24471940B33900F18015 /* Supporting Files */ = {
			isa = PBXGroup;
			children = (
				CB8B24481940B33900F18015 /* Info.plist */,
				CB8B24491940B33900F18015 /* main.m */,
			);
			name = "Supporting Files";
			sourceTree = "<group>";
		};
		CB8B245D1940B33A00F18015 /* Demo-CustomQRCoreTests */ = {
			isa = PBXGroup;
			children = (
				CB8B24601940B33A00F18015 /* Demo_CustomQRCoreTests.m */,
				CB8B245E1940B33A00F18015 /* Supporting Files */,
			);
			path = "Demo-CustomQRCoreTests";
			sourceTree = "<group>";
		};
		CB8B245E1940B33A00F18015 /* Supporting Files */ = {
			isa = PBXGroup;
			children = (
				CB8B245F1940B33A00F18015 /* Info.plist */,
			);
			name = "Supporting Files";
			sourceTree = "<group>";
		};
/* End PBXGroup section */

/* Begin PBXNativeTarget section */
		CB8B24431940B33900F18015 /* Demo-CustomQRCore */ = {
			isa = PBXNativeTarget;
			buildConfigurationList = CB8B24641940B33A00F18015 /* Build configuration list for PBXNativeTarget "Demo-CustomQRCore" */;
			buildPhases = (
				CB8B24401940B33900F18015 /* Sources */,
				CB8B24411940B33900F18015 /* Frameworks */,
				CB8B24421940B33900F18015 /* Resources */,
			);
			buildRules = (
			);
			dependencies = (
			);
			name = "Demo-CustomQRCore";
			productName = "Demo-CustomQRCore";
			productReference = CB8B24441940B33900F18015 /* Demo-CustomQRCore.app */;
			productType = "com.apple.product-type.application";
		};
		CB8B24591940B33A00F18015 /* Demo-CustomQRCoreTests */ = {
			isa = PBXNativeTarget;
			buildConfigurationList = CB8B24671940B33A00F18015 /* Build configuration list for PBXNativeTarget "Demo-CustomQRCoreTests" */;
			buildPhases = (
				CB8B24561940B33A00F18015 /* Sources */,
				CB8B24571940B33A00F18015 /* Frameworks */,
				CB8B24581940B33A00F18015 /* Resources */,
			);
			buildRules = (
			);
			dependencies = (
				CB8B245C1940B33A00F18015 /* PBXTargetDependency */,
			);
			name = "Demo-CustomQRCoreTests";
			productName = "Demo-CustomQRCoreTests";
			productReference = CB8B245A1940B33A00F18015 /* Demo-CustomQRCoreTests.xctest */;
			productType = "com.apple.product-type.bundle.unit-test";
		};
/* End PBXNativeTarget section */

/* Begin PBXProject section */
		CB8B243C1940B33900F18015 /* Project object */ = {
			isa = PBXProject;
			attributes = {
				LastUpgradeCheck = 0720;
				ORGANIZATIONNAME = yourtion;
				TargetAttributes = {
					CB8B24431940B33900F18015 = {
						CreatedOnToolsVersion = 6.0;
					};
					CB8B24591940B33A00F18015 = {
						CreatedOnToolsVersion = 6.0;
						TestTargetID = CB8B24431940B33900F18015;
					};
				};
			};
			buildConfigurationList = CB8B243F1940B33900F18015 /* Build configuration list for PBXProject "Demo-CustomQRCore" */;
			compatibilityVersion = "Xcode 3.2";
			developmentRegion = English;
			hasScannedForEncodings = 0;
			knownRegions = (
				en,
				Base,
			);
			mainGroup = CB8B243B1940B33900F18015;
			productRefGroup = CB8B24451940B33900F18015 /* Products */;
			projectDirPath = "";
			projectRoot = "";
			targets = (
				CB8B24431940B33900F18015 /* Demo-CustomQRCore */,
				CB8B24591940B33A00F18015 /* Demo-CustomQRCoreTests */,
			);
		};
/* End PBXProject section */

/* Begin PBXResourcesBuildPhase section */
		CB8B24421940B33900F18015 /* Resources */ = {
			isa = PBXResourcesBuildPhase;
			buildActionMask = 2147483647;
			files = (
				CB8B24531940B33900F18015 /* Main.storyboard in Resources */,
				CB8B24551940B33900F18015 /* Images.xcassets in Resources */,
			);
			runOnlyForDeploymentPostprocessing = 0;
		};
		CB8B24581940B33A00F18015 /* Resources */ = {
			isa = PBXResourcesBuildPhase;
			buildActionMask = 2147483647;
			files = (
			);
			runOnlyForDeploymentPostprocessing = 0;
		};
/* End PBXResourcesBuildPhase section */

/* Begin PBXSourcesBuildPhase section */
		CB8B24401940B33900F18015 /* Sources */ = {
			isa = PBXSourcesBuildPhase;
			buildActionMask = 2147483647;
			files = (
				CB8B24501940B33900F18015 /* ViewController.m in Sources */,
				CB8B244D1940B33900F18015 /* AppDelegate.m in Sources */,
				CB8B244A1940B33900F18015 /* main.m in Sources */,
			);
			runOnlyForDeploymentPostprocessing = 0;
		};
		CB8B24561940B33A00F18015 /* Sources */ = {
			isa = PBXSourcesBuildPhase;
			buildActionMask = 2147483647;
			files = (
				CB8B24611940B33A00F18015 /* Demo_CustomQRCoreTests.m in Sources */,
			);
			runOnlyForDeploymentPostprocessing = 0;
		};
/* End PBXSourcesBuildPhase section */

/* Begin PBXTargetDependency section */
		CB8B245C1940B33A00F18015 /* PBXTargetDependency */ = {
			isa = PBXTargetDependency;
			target = CB8B24431940B33900F18015 /* Demo-CustomQRCore */;
			targetProxy = CB8B245B1940B33A00F18015 /* PBXContainerItemProxy */;
		};
/* End PBXTargetDependency section */

/* Begin PBXVariantGroup section */
		CB8B24511940B33900F18015 /* Main.storyboard */ = {
			isa = PBXVariantGroup;
			children = (
				CB8B24521940B33900F18015 /* Base */,
			);
			name = Main.storyboard;
			sourceTree = "<group>";
		};
/* End PBXVariantGroup section */

/* Begin XCBuildConfiguration section */
		CB8B24621940B33A00F18015 /* Debug */ = {
			isa = XCBuildConfiguration;
			buildSettings = {
				ALWAYS_SEARCH_USER_PATHS = NO;
				CLANG_CXX_LANGUAGE_STANDARD = "gnu++0x";
				CLANG_CXX_LIBRARY = "libc++";
				CLANG_ENABLE_MODULES = YES;
				CLANG_ENABLE_OBJC_ARC = YES;
				CLANG_WARN_BOOL_CONVERSION = YES;
				CLANG_WARN_CONSTANT_CONVERSION = YES;
				CLANG_WARN_DIRECT_OBJC_ISA_USAGE = YES_ERROR;
				CLANG_WARN_EMPTY_BODY = YES;
				CLANG_WARN_ENUM_CONVERSION = YES;
				CLANG_WARN_INT_CONVERSION = YES;
				CLANG_WARN_OBJC_ROOT_CLASS = YES_ERROR;
				CLANG_WARN_UNREACHABLE_CODE = YES;
				CLANG_WARN__DUPLICATE_METHOD_MATCH = YES;
				"CODE_SIGN_IDENTITY[sdk=iphoneos*]" = "iPhone Developer";
				COPY_PHASE_STRIP = NO;
				ENABLE_STRICT_OBJC_MSGSEND = YES;
				ENABLE_TESTABILITY = YES;
				GCC_C_LANGUAGE_STANDARD = gnu99;
				GCC_DYNAMIC_NO_PIC = NO;
				GCC_OPTIMIZATION_LEVEL = 0;
				GCC_PREPROCESSOR_DEFINITIONS = (
					"DEBUG=1",
					"$(inherited)",
				);
				GCC_SYMBOLS_PRIVATE_EXTERN = NO;
				GCC_WARN_64_TO_32_BIT_CONVERSION = YES;
				GCC_WARN_ABOUT_RETURN_TYPE = YES_ERROR;
				GCC_WARN_UNDECLARED_SELECTOR = YES;
				GCC_WARN_UNINITIALIZED_AUTOS = YES_AGGRESSIVE;
				GCC_WARN_UNUSED_FUNCTION = YES;
				GCC_WARN_UNUSED_VARIABLE = YES;
				IPHONEOS_DEPLOYMENT_TARGET = 8.0;
				METAL_ENABLE_DEBUG_INFO = YES;
				ONLY_ACTIVE_ARCH = YES;
				SDKROOT = iphoneos;
			};
			name = Debug;
		};
		CB8B24631940B33A00F18015 /* Release */ = {
			isa = XCBuildConfiguration;
			buildSettings = {
				ALWAYS_SEARCH_USER_PATHS = NO;
				CLANG_CXX_LANGUAGE_STANDARD = "gnu++0x";
				CLANG_CXX_LIBRARY = "libc++";
				CLANG_ENABLE_MODULES = YES;
				CLANG_ENABLE_OBJC_ARC = YES;
				CLANG_WARN_BOOL_CONVERSION = YES;
				CLANG_WARN_CONSTANT_CONVERSION = YES;
				CLANG_WARN_DIRECT_OBJC_ISA_USAGE = YES_ERROR;
				CLANG_WARN_EMPTY_BODY = YES;
				CLANG_WARN_ENUM_CONVERSION = YES;
				CLANG_WARN_INT_CONVERSION = YES;
				CLANG_WARN_OBJC_ROOT_CLASS = YES_ERROR;
				CLANG_WARN_UNREACHABLE_CODE = YES;
				CLANG_WARN__DUPLICATE_METHOD_MATCH = YES;
				"CODE_SIGN_IDENTITY[sdk=iphoneos*]" = "iPhone Developer";
				COPY_PHASE_STRIP = YES;
				ENABLE_NS_ASSERTIONS = NO;
				ENABLE_STRICT_OBJC_MSGSEND = YES;
				GCC_C_LANGUAGE_STANDARD = gnu99;
				GCC_WARN_64_TO_32_BIT_CONVERSION = YES;
				GCC_WARN_ABOUT_RETURN_TYPE = YES_ERROR;
				GCC_WARN_UNDECLARED_SELECTOR = YES;
				GCC_WARN_UNINITIALIZED_AUTOS = YES_AGGRESSIVE;
				GCC_WARN_UNUSED_FUNCTION = YES;
				GCC_WARN_UNUSED_VARIABLE = YES;
				IPHONEOS_DEPLOYMENT_TARGET = 8.0;
				METAL_ENABLE_DEBUG_INFO = NO;
				SDKROOT = iphoneos;
				VALIDATE_PRODUCT = YES;
			};
			name = Release;
		};
		CB8B24651940B33A00F18015 /* Debug */ = {
			isa = XCBuildConfiguration;
			buildSettings = {
				ASSETCATALOG_COMPILER_APPICON_NAME = AppIcon;
				INFOPLIST_FILE = "Demo-CustomQRCore/Info.plist";
				LD_RUNPATH_SEARCH_PATHS = "$(inherited) @executable_path/Frameworks";
				PRODUCT_BUNDLE_IDENTIFIER = "yourtion.${PRODUCT_NAME:rfc1034identifier}";
				PRODUCT_NAME = "$(TARGET_NAME)";
			};
			name = Debug;
		};
		CB8B24661940B33A00F18015 /* Release */ = {
			isa = XCBuildConfiguration;
			buildSettings = {
				ASSETCATALOG_COMPILER_APPICON_NAME = AppIcon;
				INFOPLIST_FILE = "Demo-CustomQRCore/Info.plist";
				LD_RUNPATH_SEARCH_PATHS = "$(inherited) @executable_path/Frameworks";
				PRODUCT_BUNDLE_IDENTIFIER = "yourtion.${PRODUCT_NAME:rfc1034identifier}";
				PRODUCT_NAME = "$(TARGET_NAME)";
			};
			name = Release;
		};
		CB8B24681940B33A00F18015 /* Debug */ = {
			isa = XCBuildConfiguration;
			buildSettings = {
				BUNDLE_LOADER = "$(BUILT_PRODUCTS_DIR)/Demo-CustomQRCore.app/Demo-CustomQRCore";
				FRAMEWORK_SEARCH_PATHS = (
					"$(SDKROOT)/Developer/Library/Frameworks",
					"$(inherited)",
				);
				GCC_PREPROCESSOR_DEFINITIONS = (
					"DEBUG=1",
					"$(inherited)",
				);
				INFOPLIST_FILE = "Demo-CustomQRCoreTests/Info.plist";
				LD_RUNPATH_SEARCH_PATHS = "$(inherited) @executable_path/Frameworks @loader_path/Frameworks";
				METAL_ENABLE_DEBUG_INFO = YES;
				PRODUCT_BUNDLE_IDENTIFIER = "yourtion.${PRODUCT_NAME:rfc1034identifier}";
				PRODUCT_NAME = "$(TARGET_NAME)";
				TEST_HOST = "$(BUNDLE_LOADER)";
			};
			name = Debug;
		};
		CB8B24691940B33A00F18015 /* Release */ = {
			isa = XCBuildConfiguration;
			buildSettings = {
				BUNDLE_LOADER = "$(BUILT_PRODUCTS_DIR)/Demo-CustomQRCore.app/Demo-CustomQRCore";
				FRAMEWORK_SEARCH_PATHS = (
					"$(SDKROOT)/Developer/Library/Frameworks",
					"$(inherited)",
				);
				INFOPLIST_FILE = "Demo-CustomQRCoreTests/Info.plist";
				LD_RUNPATH_SEARCH_PATHS = "$(inherited) @executable_path/Frameworks @loader_path/Frameworks";
				METAL_ENABLE_DEBUG_INFO = NO;
				PRODUCT_BUNDLE_IDENTIFIER = "yourtion.${PRODUCT_NAME:rfc1034identifier}";
				PRODUCT_NAME = "$(TARGET_NAME)";
				TEST_HOST = "$(BUNDLE_LOADER)";
			};
			name = Release;
		};
/* End XCBuildConfiguration section */

/* Begin XCConfigurationList section */
		CB8B243F1940B33900F18015 /* Build configuration list for PBXProject "Demo-CustomQRCore" */ = {
			isa = XCConfigurationList;
			buildConfigurations = (
				CB8B24621940B33A00F18015 /* Debug */,
				CB8B24631940B33A00F18015 /* Release */,
			);
			defaultConfigurationIsVisible = 0;
			defaultConfigurationName = Release;
		};
		CB8B24641940B33A00F18015 /* Build configuration list for PBXNativeTarget "Demo-CustomQRCore" */ = {
			isa = XCConfigurationList;
			buildConfigurations = (
				CB8B24651940B33A00F18015 /* Debug */,
				CB8B24661940B33A00F18015 /* Release */,
			);
			defaultConfigurationIsVisible = 0;
			defaultConfigurationName = Release;
		};
		CB8B24671940B33A00F18015 /* Build configuration list for PBXNativeTarget "Demo-CustomQRCoreTests" */ = {
			isa = XCConfigurationList;
			buildConfigurations = (
				CB8B24681940B33A00F18015 /* Debug */,
				CB8B24691940B33A00F18015 /* Release */,
			);
			defaultConfigurationIsVisible = 0;
			defaultConfigurationName = Release;
		};
/* End XCConfigurationList section */
	};
	rootObject = CB8B243C1940B33900F18015 /* Project object */;
}
